
Microsoft Visual Studio Solution File, Format Version 12.00
# Visual Studio 15
VisualStudioVersion = 15.0.26403.7
MinimumVisualStudioVersion = 10.0.40219.1
Project("{FAE04EC0-301F-11D3-BF4B-00C04F79EFBC}") = "TimeServer", "TimeServer.csproj", "{077E87CD-CB49-438E-9884-A1B23220BDC8}"
EndProject
Project("{FAE04EC0-301F-11D3-BF4B-00C04F79EFBC}") = "Time Client", "..\Time Client\Time Client.csproj", "{668D4F51-3FF9-48EA-B475-F938114546D1}"
EndProject
Global
	GlobalSection(SolutionConfigurationPlatforms) = preSolution
		Debug|Any CPU = Debug|Any CPU
		Release|Any CPU = Release|Any CPU
	EndGlobalSection
	GlobalSection(ProjectConfigurationPlatforms) = postSolution
		{077E87CD-CB49-438E-9884-A1B23220BDC8}.Debug|Any CPU.ActiveCfg = Debug|Any CPU
		{077E87CD-CB49-438E-9884-A1B23220BDC8}.Debug|Any CPU.Build.0 = Debug|Any CPU
		{077E87CD-CB49-438E-9884-A1B23220BDC8}.Release|Any CPU.ActiveCfg = Release|Any CPU
		{077E87CD-CB49-438E-9884-A1B23220BDC8}.Release|Any CPU.Build.0 = Release|Any CPU
		{668D4F51-3FF9-48EA-B475-F938114546D1}.Debug|Any CPU.ActiveCfg = Debug|Any CPU
		{668D4F51-3FF9-48EA-B475-F938114546D1}.Debug|Any CPU.Build.0 = Debug|Any CPU
		{668D4F51-3FF9-48EA-B475-F938114546D1}.Release|Any CPU.ActiveCfg = Release|Any CPU
		{668D4F51-3FF9-48EA-B475-F938114546D1}.Release|Any CPU.Build.0 = Release|Any CPU
	EndGlobalSection
	GlobalSection(SolutionProperties) = preSolution
		HideSolutionNode = FALSE
	EndGlobalSection
EndGlobal
